
Microsoft Visual Studio Solution File, Format Version 12.00
# Visual Studio 14
VisualStudioVersion = 14.0.25420.1
MinimumVisualStudioVersion = 10.0.40219.1
Project("{FAE04EC0-301F-11D3-BF4B-00C04F79EFBC}") = "SurvivorSeriesBrand", "SurvivorSeriesBrand.csproj", "{D05495AC-CE92-443B-8D66-30BD5414F82D}"
EndProject
Global
	GlobalSection(SolutionConfigurationPlatforms) = preSolution
		Debug|Any CPU = Debug|Any CPU
		Release|Any CPU = Release|Any CPU
	EndGlobalSection
	GlobalSection(ProjectConfigurationPlatforms) = postSolution
		{D05495AC-CE92-443B-8D66-30BD5414F82D}.Debug|Any CPU.ActiveCfg = Debug|Any CPU
		{D05495AC-CE92-443B-8D66-30BD5414F82D}.Debug|Any CPU.Build.0 = Debug|Any CPU
		{D05495AC-CE92-443B-8D66-30BD5414F82D}.Release|Any CPU.ActiveCfg = Release|Any CPU
		{D05495AC-CE92-443B-8D66-30BD5414F82D}.Release|Any CPU.Build.0 = Release|Any CPU
	EndGlobalSection
	GlobalSection(SolutionProperties) = preSolution
		HideSolutionNode = FALSE
	EndGlobalSection
EndGlobal
